
Microsoft Visual Studio Solution File, Format Version 12.00
# Visual Studio Version 17
VisualStudioVersion = 17.11.35303.130
MinimumVisualStudioVersion = 10.0.40219.1
Project("{FAE04EC0-301F-11D3-BF4B-00C04F79EFBC}") = "ToDoList", "ToDoList\ToDoList.csproj", "{666C6ADD-FF9F-4140-B7A3-0745C5A5BCC8}"
EndProject
Project("{2150E333-8FDC-42A3-9474-1A3956D46DE8}") = "1 - Presentation", "1 - Presentation", "{0CB924CC-3C06-41E9-BFD9-E41F91A34B0F}"
EndProject
Project("{2150E333-8FDC-42A3-9474-1A3956D46DE8}") = "2 - Services", "2 - Services", "{0D2FFE73-3954-44FB-B1F0-69BEC755E035}"
EndProject
Project("{2150E333-8FDC-42A3-9474-1A3956D46DE8}") = "3 - Domain", "3 - Domain", "{C32B7A52-75CE-42DB-9793-71C01D85238B}"
EndProject
Project("{2150E333-8FDC-42A3-9474-1A3956D46DE8}") = "4 - Data", "4 - Data", "{A653E830-D072-4E35-8767-CE36A19F25EC}"
EndProject
Project("{2150E333-8FDC-42A3-9474-1A3956D46DE8}") = "5 - Crosscutting", "5 - Crosscutting", "{649FFF37-A7D8-46E7-8528-40D55ECAB03E}"
EndProject
Project("{2150E333-8FDC-42A3-9474-1A3956D46DE8}") = "6 - Tests", "6 - Tests", "{E7038C65-835A-4B57-B4F9-B9B03DDE3B13}"
EndProject
Project("{FAE04EC0-301F-11D3-BF4B-00C04F79EFBC}") = "ToDoList.Services", "ToDoList.Services\ToDoList.Services.csproj", "{20CDB48C-8151-462D-9909-BBB82031DEA7}"
EndProject
Project("{FAE04EC0-301F-11D3-BF4B-00C04F79EFBC}") = "ToDoList.Domain", "ToDoList.Domain\ToDoList.Domain.csproj", "{03D5EB93-3040-4F76-AB7B-42593AE4C0B6}"
EndProject
Project("{FAE04EC0-301F-11D3-BF4B-00C04F79EFBC}") = "ToDoList.Data", "ToDoList.Data\ToDoList.Data.csproj", "{7D089E70-C60D-4A84-BFBC-92261327F13D}"
EndProject
Project("{FAE04EC0-301F-11D3-BF4B-00C04F79EFBC}") = "ToDoList.Crosscutting", "ToDoList.Crosscutting\ToDoList.Crosscutting.csproj", "{71842556-F6EB-4259-A79B-4B661B6F4220}"
EndProject
Project("{FAE04EC0-301F-11D3-BF4B-00C04F79EFBC}") = "ToDoList.Services.Tests", "ToDoList.Services.Tests\ToDoList.Services.Tests.csproj", "{F20304BB-E823-4B02-AD42-6706092F980F}"
EndProject
Project("{FAE04EC0-301F-11D3-BF4B-00C04F79EFBC}") = "ToDoList.Domain.Tests", "ToDoList.Domain.Tests\ToDoList.Domain.Tests.csproj", "{CF3BE02E-0838-4785-B1A5-5296F6903F3F}"
EndProject
Project("{FAE04EC0-301F-11D3-BF4B-00C04F79EFBC}") = "ToDoList.Data.Test", "ToDoList.Data.Test\ToDoList.Data.Test.csproj", "{D7A426F3-AA7E-4C82-A7FF-620056AA2885}"
EndProject
Global
	GlobalSection(SolutionConfigurationPlatforms) = preSolution
		Debug|Any CPU = Debug|Any CPU
		Release|Any CPU = Release|Any CPU
	EndGlobalSection
	GlobalSection(ProjectConfigurationPlatforms) = postSolution
		{666C6ADD-FF9F-4140-B7A3-0745C5A5BCC8}.Debug|Any CPU.ActiveCfg = Debug|Any CPU
		{666C6ADD-FF9F-4140-B7A3-0745C5A5BCC8}.Debug|Any CPU.Build.0 = Debug|Any CPU
		{666C6ADD-FF9F-4140-B7A3-0745C5A5BCC8}.Release|Any CPU.ActiveCfg = Release|Any CPU
		{666C6ADD-FF9F-4140-B7A3-0745C5A5BCC8}.Release|Any CPU.Build.0 = Release|Any CPU
		{20CDB48C-8151-462D-9909-BBB82031DEA7}.Debug|Any CPU.ActiveCfg = Debug|Any CPU
		{20CDB48C-8151-462D-9909-BBB82031DEA7}.Debug|Any CPU.Build.0 = Debug|Any CPU
		{20CDB48C-8151-462D-9909-BBB82031DEA7}.Release|Any CPU.ActiveCfg = Release|Any CPU
		{20CDB48C-8151-462D-9909-BBB82031DEA7}.Release|Any CPU.Build.0 = Release|Any CPU
		{03D5EB93-3040-4F76-AB7B-42593AE4C0B6}.Debug|Any CPU.ActiveCfg = Debug|Any CPU
		{03D5EB93-3040-4F76-AB7B-42593AE4C0B6}.Debug|Any CPU.Build.0 = Debug|Any CPU
		{03D5EB93-3040-4F76-AB7B-42593AE4C0B6}.Release|Any CPU.ActiveCfg = Release|Any CPU
		{03D5EB93-3040-4F76-AB7B-42593AE4C0B6}.Release|Any CPU.Build.0 = Release|Any CPU
		{7D089E70-C60D-4A84-BFBC-92261327F13D}.Debug|Any CPU.ActiveCfg = Debug|Any CPU
		{7D089E70-C60D-4A84-BFBC-92261327F13D}.Debug|Any CPU.Build.0 = Debug|Any CPU
		{7D089E70-C60D-4A84-BFBC-92261327F13D}.Release|Any CPU.ActiveCfg = Release|Any CPU
		{7D089E70-C60D-4A84-BFBC-92261327F13D}.Release|Any CPU.Build.0 = Release|Any CPU
		{71842556-F6EB-4259-A79B-4B661B6F4220}.Debug|Any CPU.ActiveCfg = Debug|Any CPU
		{71842556-F6EB-4259-A79B-4B661B6F4220}.Debug|Any CPU.Build.0 = Debug|Any CPU
		{71842556-F6EB-4259-A79B-4B661B6F4220}.Release|Any CPU.ActiveCfg = Release|Any CPU
		{71842556-F6EB-4259-A79B-4B661B6F4220}.Release|Any CPU.Build.0 = Release|Any CPU
		{F20304BB-E823-4B02-AD42-6706092F980F}.Debug|Any CPU.ActiveCfg = Debug|Any CPU
		{F20304BB-E823-4B02-AD42-6706092F980F}.Debug|Any CPU.Build.0 = Debug|Any CPU
		{F20304BB-E823-4B02-AD42-6706092F980F}.Release|Any CPU.ActiveCfg = Release|Any CPU
		{F20304BB-E823-4B02-AD42-6706092F980F}.Release|Any CPU.Build.0 = Release|Any CPU
		{CF3BE02E-0838-4785-B1A5-5296F6903F3F}.Debug|Any CPU.ActiveCfg = Debug|Any CPU
		{CF3BE02E-0838-4785-B1A5-5296F6903F3F}.Debug|Any CPU.Build.0 = Debug|Any CPU
		{CF3BE02E-0838-4785-B1A5-5296F6903F3F}.Release|Any CPU.ActiveCfg = Release|Any CPU
		{CF3BE02E-0838-4785-B1A5-5296F6903F3F}.Release|Any CPU.Build.0 = Release|Any CPU
		{D7A426F3-AA7E-4C82-A7FF-620056AA2885}.Debug|Any CPU.ActiveCfg = Debug|Any CPU
		{D7A426F3-AA7E-4C82-A7FF-620056AA2885}.Debug|Any CPU.Build.0 = Debug|Any CPU
		{D7A426F3-AA7E-4C82-A7FF-620056AA2885}.Release|Any CPU.ActiveCfg = Release|Any CPU
		{D7A426F3-AA7E-4C82-A7FF-620056AA2885}.Release|Any CPU.Build.0 = Release|Any CPU
	EndGlobalSection
	GlobalSection(SolutionProperties) = preSolution
		HideSolutionNode = FALSE
	EndGlobalSection
	GlobalSection(NestedProjects) = preSolution
		{666C6ADD-FF9F-4140-B7A3-0745C5A5BCC8} = {0CB924CC-3C06-41E9-BFD9-E41F91A34B0F}
		{20CDB48C-8151-462D-9909-BBB82031DEA7} = {0D2FFE73-3954-44FB-B1F0-69BEC755E035}
		{03D5EB93-3040-4F76-AB7B-42593AE4C0B6} = {C32B7A52-75CE-42DB-9793-71C01D85238B}
		{7D089E70-C60D-4A84-BFBC-92261327F13D} = {A653E830-D072-4E35-8767-CE36A19F25EC}
		{71842556-F6EB-4259-A79B-4B661B6F4220} = {649FFF37-A7D8-46E7-8528-40D55ECAB03E}
		{F20304BB-E823-4B02-AD42-6706092F980F} = {E7038C65-835A-4B57-B4F9-B9B03DDE3B13}
		{CF3BE02E-0838-4785-B1A5-5296F6903F3F} = {E7038C65-835A-4B57-B4F9-B9B03DDE3B13}
		{D7A426F3-AA7E-4C82-A7FF-620056AA2885} = {E7038C65-835A-4B57-B4F9-B9B03DDE3B13}
	EndGlobalSection
	GlobalSection(ExtensibilityGlobals) = postSolution
		SolutionGuid = {1EF2FAF6-9FAC-4096-ACA9-FD6CFCA2CF84}
	EndGlobalSection
EndGlobal
